
Microsoft Visual Studio Solution File, Format Version 12.00
# Visual Studio Version 16
VisualStudioVersion = 16.0.33529.622
MinimumVisualStudioVersion = 10.0.40219.1
Project("{FAE04EC0-301F-11D3-BF4B-00C04F79EFBC}") = "BPNS.EdgeMW", "BPNS.POBEdgeMW\BPNS.EdgeMW.csproj", "{EF777736-FFD3-4D32-A053-D05B6565B6DA}"
EndProject
Project("{FAE04EC0-301F-11D3-BF4B-00C04F79EFBC}") = "BPNS.COM", "BPNS.COM\BPNS.COM.csproj", "{D388BB93-2FD2-4CE0-A8E2-C7EDF180B980}"
EndProject
Global
	GlobalSection(SolutionConfigurationPlatforms) = preSolution
		Debug|Any CPU = Debug|Any CPU
		Release|Any CPU = Release|Any CPU
	EndGlobalSection
	GlobalSection(ProjectConfigurationPlatforms) = postSolution
		{EF777736-FFD3-4D32-A053-D05B6565B6DA}.Debug|Any CPU.ActiveCfg = Debug|Any CPU
		{EF777736-FFD3-4D32-A053-D05B6565B6DA}.Debug|Any CPU.Build.0 = Debug|Any CPU
		{EF777736-FFD3-4D32-A053-D05B6565B6DA}.Release|Any CPU.ActiveCfg = Release|Any CPU
		{EF777736-FFD3-4D32-A053-D05B6565B6DA}.Release|Any CPU.Build.0 = Release|Any CPU
		{D388BB93-2FD2-4CE0-A8E2-C7EDF180B980}.Debug|Any CPU.ActiveCfg = Debug|Any CPU
		{D388BB93-2FD2-4CE0-A8E2-C7EDF180B980}.Debug|Any CPU.Build.0 = Debug|Any CPU
		{D388BB93-2FD2-4CE0-A8E2-C7EDF180B980}.Release|Any CPU.ActiveCfg = Release|Any CPU
		{D388BB93-2FD2-4CE0-A8E2-C7EDF180B980}.Release|Any CPU.Build.0 = Release|Any CPU
	EndGlobalSection
	GlobalSection(SolutionProperties) = preSolution
		HideSolutionNode = FALSE
	EndGlobalSection
	GlobalSection(ExtensibilityGlobals) = postSolution
		SolutionGuid = {09F70FF9-DC42-4697-9987-1FF25D1992D4}
	EndGlobalSection
EndGlobal
